
Microsoft Visual Studio Solution File, Format Version 12.00
# Visual Studio Version 16
VisualStudioVersion = 16.0.31205.134
MinimumVisualStudioVersion = 10.0.40219.1
Project("{888888A0-9F3D-457C-B088-3A5042F75D52}") = "Pilcher_Drone", "Pilcher_Drone.pyproj", "{F4713C48-4A2D-4C80-8E9B-21A00A4887F6}"
EndProject
Global
	GlobalSection(SolutionConfigurationPlatforms) = preSolution
		Debug|Any CPU = Debug|Any CPU
		Release|Any CPU = Release|Any CPU
	EndGlobalSection
	GlobalSection(ProjectConfigurationPlatforms) = postSolution
		{F4713C48-4A2D-4C80-8E9B-21A00A4887F6}.Debug|Any CPU.ActiveCfg = Debug|Any CPU
		{F4713C48-4A2D-4C80-8E9B-21A00A4887F6}.Release|Any CPU.ActiveCfg = Release|Any CPU
	EndGlobalSection
	GlobalSection(SolutionProperties) = preSolution
		HideSolutionNode = FALSE
	EndGlobalSection
	GlobalSection(ExtensibilityGlobals) = postSolution
		SolutionGuid = {0EC1B2FF-ACDC-4B69-A6A9-317E893DBC80}
	EndGlobalSection
EndGlobal
